
Microsoft Visual Studio Solution File, Format Version 12.00
# Visual Studio 14
VisualStudioVersion = 14.0.25420.1
MinimumVisualStudioVersion = 10.0.40219.1
Project("{FAE04EC0-301F-11D3-BF4B-00C04F79EFBC}") = "ShadowWatcher", "ShadowWatcher\ShadowWatcher.csproj", "{E7BC2DA0-B21D-4FFD-8325-DAB5E920962A}"
EndProject
Project("{FAE04EC0-301F-11D3-BF4B-00C04F79EFBC}") = "Observer", "Observer\Observer.csproj", "{62B5918D-CB2E-490F-BCB5-F91B8E676A11}"
EndProject
Global
	GlobalSection(SolutionConfigurationPlatforms) = preSolution
		Debug|Any CPU = Debug|Any CPU
		Release|Any CPU = Release|Any CPU
	EndGlobalSection
	GlobalSection(ProjectConfigurationPlatforms) = postSolution
		{E7BC2DA0-B21D-4FFD-8325-DAB5E920962A}.Debug|Any CPU.ActiveCfg = Debug|Any CPU
		{E7BC2DA0-B21D-4FFD-8325-DAB5E920962A}.Debug|Any CPU.Build.0 = Debug|Any CPU
		{E7BC2DA0-B21D-4FFD-8325-DAB5E920962A}.Release|Any CPU.ActiveCfg = Release|Any CPU
		{E7BC2DA0-B21D-4FFD-8325-DAB5E920962A}.Release|Any CPU.Build.0 = Release|Any CPU
		{62B5918D-CB2E-490F-BCB5-F91B8E676A11}.Debug|Any CPU.ActiveCfg = Debug|Any CPU
		{62B5918D-CB2E-490F-BCB5-F91B8E676A11}.Debug|Any CPU.Build.0 = Debug|Any CPU
		{62B5918D-CB2E-490F-BCB5-F91B8E676A11}.Release|Any CPU.ActiveCfg = Release|Any CPU
		{62B5918D-CB2E-490F-BCB5-F91B8E676A11}.Release|Any CPU.Build.0 = Release|Any CPU
	EndGlobalSection
	GlobalSection(SolutionProperties) = preSolution
		HideSolutionNode = FALSE
	EndGlobalSection
EndGlobal
